
Microsoft Visual Studio Solution File, Format Version 12.00
Project("{2150E333-8FDC-42A3-9474-1A3956D46DE8}") = "src", "src", "{07D91203-86AD-42CE-9FAB-9BEBE613B8F1}"
EndProject
Project("{2150E333-8FDC-42A3-9474-1A3956D46DE8}") = "test", "test", "{CEB947BC-B423-417B-8F93-EC9220023588}"
EndProject
Project("{FAE04EC0-301F-11D3-BF4B-00C04F79EFBC}") = "Kharazmi.Aop.Autofac", "src\Kharazmi.Aop.Autofac\Kharazmi.Aop.Autofac.csproj", "{EA4FFFD8-963B-4B63-87D9-9C8A1A669CAD}"
EndProject
Project("{FAE04EC0-301F-11D3-BF4B-00C04F79EFBC}") = "Kharazmi.AspNetMvc.Core", "src\Kharazmi.AspNetMvc.Core\Kharazmi.AspNetMvc.Core.csproj", "{D5E179BC-25F0-4022-AE26-CF2908D8B282}"
EndProject
Project("{FAE04EC0-301F-11D3-BF4B-00C04F79EFBC}") = "Kharazmi.AspNetMvc.EntityFramework", "src\Kharazmi.AspNetMvc.EntityFramework\Kharazmi.AspNetMvc.EntityFramework.csproj", "{7F510298-8AFC-4D09-962A-196ED1ED5685}"
EndProject
Project("{FAE04EC0-301F-11D3-BF4B-00C04F79EFBC}") = "Kharazmi.DirectoryServices", "src\Kharazmi.DirectoryServices\Kharazmi.DirectoryServices.csproj", "{F4E47FC4-45CF-4EEE-A293-7BA26CA33601}"
EndProject
Project("{FAE04EC0-301F-11D3-BF4B-00C04F79EFBC}") = "Kharazmi.HtmlToPdf", "src\Kharazmi.HtmlToPdf\Kharazmi.HtmlToPdf.csproj", "{D8B1803F-D11A-4E8E-94C4-C6D2275A34A1}"
EndProject
Project("{FAE04EC0-301F-11D3-BF4B-00C04F79EFBC}") = "Kharazmi.Net.Http", "src\Kharazmi.Net.Http\Kharazmi.Net.Http.csproj", "{87F4BAD2-D748-4318-AFED-9A885205CA08}"
EndProject
Project("{FAE04EC0-301F-11D3-BF4B-00C04F79EFBC}") = "Kharazmi.Security", "src\Kharazmi.Security\Kharazmi.Security.csproj", "{53433C96-FFCA-4717-89EC-B402BA4AC84A}"
EndProject
Project("{FAE04EC0-301F-11D3-BF4B-00C04F79EFBC}") = "Kharazmi.Security.Authorization.Mvc", "src\Kharazmi.Security.Authorization.Mvc\Kharazmi.Security.Authorization.Mvc.csproj", "{2095FC5C-846D-45EC-B09E-744078B05883}"
EndProject
Project("{FAE04EC0-301F-11D3-BF4B-00C04F79EFBC}") = "Kharazmi.Security.Authorization.WebApi", "src\Kharazmi.Security.Authorization.WebApi\Kharazmi.Security.Authorization.WebApi.csproj", "{179757BC-8C26-4A37-852A-BA103677D83B}"
EndProject
Project("{FAE04EC0-301F-11D3-BF4B-00C04F79EFBC}") = "Mvc.Utility.Core", "src\Mvc.Utility.Core\Mvc.Utility.Core.csproj", "{40A897FF-CA0F-4E6A-8104-7390CDF6FBAA}"
EndProject
Project("{FAE04EC0-301F-11D3-BF4B-00C04F79EFBC}") = "Mvc.Utility.Core.Test", "test\Mvc.Utility.Core.Test\Mvc.Utility.Core.Test.csproj", "{486EEB8B-5A68-4AFE-AA40-A6909D9AC99B}"
EndProject
Global
	GlobalSection(SolutionConfigurationPlatforms) = preSolution
		Debug|Any CPU = Debug|Any CPU
		Release|Any CPU = Release|Any CPU
	EndGlobalSection
	GlobalSection(NestedProjects) = preSolution
		{EA4FFFD8-963B-4B63-87D9-9C8A1A669CAD} = {07D91203-86AD-42CE-9FAB-9BEBE613B8F1}
		{D5E179BC-25F0-4022-AE26-CF2908D8B282} = {07D91203-86AD-42CE-9FAB-9BEBE613B8F1}
		{7F510298-8AFC-4D09-962A-196ED1ED5685} = {07D91203-86AD-42CE-9FAB-9BEBE613B8F1}
		{F4E47FC4-45CF-4EEE-A293-7BA26CA33601} = {07D91203-86AD-42CE-9FAB-9BEBE613B8F1}
		{D8B1803F-D11A-4E8E-94C4-C6D2275A34A1} = {07D91203-86AD-42CE-9FAB-9BEBE613B8F1}
		{87F4BAD2-D748-4318-AFED-9A885205CA08} = {07D91203-86AD-42CE-9FAB-9BEBE613B8F1}
		{53433C96-FFCA-4717-89EC-B402BA4AC84A} = {07D91203-86AD-42CE-9FAB-9BEBE613B8F1}
		{2095FC5C-846D-45EC-B09E-744078B05883} = {07D91203-86AD-42CE-9FAB-9BEBE613B8F1}
		{179757BC-8C26-4A37-852A-BA103677D83B} = {07D91203-86AD-42CE-9FAB-9BEBE613B8F1}
		{40A897FF-CA0F-4E6A-8104-7390CDF6FBAA} = {07D91203-86AD-42CE-9FAB-9BEBE613B8F1}
		{486EEB8B-5A68-4AFE-AA40-A6909D9AC99B} = {CEB947BC-B423-417B-8F93-EC9220023588}
	EndGlobalSection
	GlobalSection(ProjectConfigurationPlatforms) = postSolution
		{EA4FFFD8-963B-4B63-87D9-9C8A1A669CAD}.Debug|Any CPU.ActiveCfg = Debug|Any CPU
		{EA4FFFD8-963B-4B63-87D9-9C8A1A669CAD}.Debug|Any CPU.Build.0 = Debug|Any CPU
		{EA4FFFD8-963B-4B63-87D9-9C8A1A669CAD}.Release|Any CPU.ActiveCfg = Release|Any CPU
		{EA4FFFD8-963B-4B63-87D9-9C8A1A669CAD}.Release|Any CPU.Build.0 = Release|Any CPU
		{D5E179BC-25F0-4022-AE26-CF2908D8B282}.Debug|Any CPU.ActiveCfg = Debug|Any CPU
		{D5E179BC-25F0-4022-AE26-CF2908D8B282}.Debug|Any CPU.Build.0 = Debug|Any CPU
		{D5E179BC-25F0-4022-AE26-CF2908D8B282}.Release|Any CPU.ActiveCfg = Release|Any CPU
		{D5E179BC-25F0-4022-AE26-CF2908D8B282}.Release|Any CPU.Build.0 = Release|Any CPU
		{7F510298-8AFC-4D09-962A-196ED1ED5685}.Debug|Any CPU.ActiveCfg = Debug|Any CPU
		{7F510298-8AFC-4D09-962A-196ED1ED5685}.Debug|Any CPU.Build.0 = Debug|Any CPU
		{7F510298-8AFC-4D09-962A-196ED1ED5685}.Release|Any CPU.ActiveCfg = Release|Any CPU
		{7F510298-8AFC-4D09-962A-196ED1ED5685}.Release|Any CPU.Build.0 = Release|Any CPU
		{F4E47FC4-45CF-4EEE-A293-7BA26CA33601}.Debug|Any CPU.ActiveCfg = Debug|Any CPU
		{F4E47FC4-45CF-4EEE-A293-7BA26CA33601}.Debug|Any CPU.Build.0 = Debug|Any CPU
		{F4E47FC4-45CF-4EEE-A293-7BA26CA33601}.Release|Any CPU.ActiveCfg = Release|Any CPU
		{F4E47FC4-45CF-4EEE-A293-7BA26CA33601}.Release|Any CPU.Build.0 = Release|Any CPU
		{D8B1803F-D11A-4E8E-94C4-C6D2275A34A1}.Debug|Any CPU.ActiveCfg = Debug|Any CPU
		{D8B1803F-D11A-4E8E-94C4-C6D2275A34A1}.Debug|Any CPU.Build.0 = Debug|Any CPU
		{D8B1803F-D11A-4E8E-94C4-C6D2275A34A1}.Release|Any CPU.ActiveCfg = Release|Any CPU
		{D8B1803F-D11A-4E8E-94C4-C6D2275A34A1}.Release|Any CPU.Build.0 = Release|Any CPU
		{87F4BAD2-D748-4318-AFED-9A885205CA08}.Debug|Any CPU.ActiveCfg = Debug|Any CPU
		{87F4BAD2-D748-4318-AFED-9A885205CA08}.Debug|Any CPU.Build.0 = Debug|Any CPU
		{87F4BAD2-D748-4318-AFED-9A885205CA08}.Release|Any CPU.ActiveCfg = Release|Any CPU
		{87F4BAD2-D748-4318-AFED-9A885205CA08}.Release|Any CPU.Build.0 = Release|Any CPU
		{53433C96-FFCA-4717-89EC-B402BA4AC84A}.Debug|Any CPU.ActiveCfg = Debug|Any CPU
		{53433C96-FFCA-4717-89EC-B402BA4AC84A}.Debug|Any CPU.Build.0 = Debug|Any CPU
		{53433C96-FFCA-4717-89EC-B402BA4AC84A}.Release|Any CPU.ActiveCfg = Release|Any CPU
		{53433C96-FFCA-4717-89EC-B402BA4AC84A}.Release|Any CPU.Build.0 = Release|Any CPU
		{2095FC5C-846D-45EC-B09E-744078B05883}.Debug|Any CPU.ActiveCfg = Debug|Any CPU
		{2095FC5C-846D-45EC-B09E-744078B05883}.Debug|Any CPU.Build.0 = Debug|Any CPU
		{2095FC5C-846D-45EC-B09E-744078B05883}.Release|Any CPU.ActiveCfg = Release|Any CPU
		{2095FC5C-846D-45EC-B09E-744078B05883}.Release|Any CPU.Build.0 = Release|Any CPU
		{179757BC-8C26-4A37-852A-BA103677D83B}.Debug|Any CPU.ActiveCfg = Debug|Any CPU
		{179757BC-8C26-4A37-852A-BA103677D83B}.Debug|Any CPU.Build.0 = Debug|Any CPU
		{179757BC-8C26-4A37-852A-BA103677D83B}.Release|Any CPU.ActiveCfg = Release|Any CPU
		{179757BC-8C26-4A37-852A-BA103677D83B}.Release|Any CPU.Build.0 = Release|Any CPU
		{40A897FF-CA0F-4E6A-8104-7390CDF6FBAA}.Debug|Any CPU.ActiveCfg = Debug|Any CPU
		{40A897FF-CA0F-4E6A-8104-7390CDF6FBAA}.Debug|Any CPU.Build.0 = Debug|Any CPU
		{40A897FF-CA0F-4E6A-8104-7390CDF6FBAA}.Release|Any CPU.ActiveCfg = Release|Any CPU
		{40A897FF-CA0F-4E6A-8104-7390CDF6FBAA}.Release|Any CPU.Build.0 = Release|Any CPU
		{486EEB8B-5A68-4AFE-AA40-A6909D9AC99B}.Debug|Any CPU.ActiveCfg = Debug|Any CPU
		{486EEB8B-5A68-4AFE-AA40-A6909D9AC99B}.Debug|Any CPU.Build.0 = Debug|Any CPU
		{486EEB8B-5A68-4AFE-AA40-A6909D9AC99B}.Release|Any CPU.ActiveCfg = Release|Any CPU
		{486EEB8B-5A68-4AFE-AA40-A6909D9AC99B}.Release|Any CPU.Build.0 = Release|Any CPU
	EndGlobalSection
EndGlobal
